
Microsoft Visual Studio Solution File, Format Version 12.00
# Visual Studio Version 17
VisualStudioVersion = 17.14.36212.18
MinimumVisualStudioVersion = 10.0.40219.1
Project("{FAE04EC0-301F-11D3-BF4B-00C04F79EFBC}") = "Learning_site", "Learning_site.csproj", "{6774E8A5-B4D9-4C59-A33C-D60353A4C31A}"
EndProject
Global
	GlobalSection(SolutionConfigurationPlatforms) = preSolution
		Debug|Any CPU = Debug|Any CPU
		Release|Any CPU = Release|Any CPU
	EndGlobalSection
	GlobalSection(ProjectConfigurationPlatforms) = postSolution
		{6774E8A5-B4D9-4C59-A33C-D60353A4C31A}.Debug|Any CPU.ActiveCfg = Debug|Any CPU
		{6774E8A5-B4D9-4C59-A33C-D60353A4C31A}.Debug|Any CPU.Build.0 = Debug|Any CPU
		{6774E8A5-B4D9-4C59-A33C-D60353A4C31A}.Release|Any CPU.ActiveCfg = Release|Any CPU
		{6774E8A5-B4D9-4C59-A33C-D60353A4C31A}.Release|Any CPU.Build.0 = Release|Any CPU
	EndGlobalSection
	GlobalSection(SolutionProperties) = preSolution
		HideSolutionNode = FALSE
	EndGlobalSection
	GlobalSection(ExtensibilityGlobals) = postSolution
		SolutionGuid = {CDC6F33C-E5AA-40E7-A196-6778A5F1771B}
	EndGlobalSection
EndGlobal
